// !$*UTF8*$!
{
	archiveVersion = 1;
	classes = {
	};
	objectVersion = 56;
	objects = {

/* Begin PBXBuildFile section */
		459A25762A84BD0D005DB3BC /* env.swift in Sources */ = {isa = PBXBuildFile; fileRef = 459A25752A84BD0D005DB3BC /* env.swift */; };
		459A25792A84C0C6005DB3BC /* Alamofire in Frameworks */ = {isa = PBXBuildFile; productRef = 459A25782A84C0C6005DB3BC /* Alamofire */; };
		459A257C2A84C0D0005DB3BC /* SwiftyJSON in Frameworks */ = {isa = PBXBuildFile; productRef = 459A257B2A84C0D0005DB3BC /* SwiftyJSON */; };
		45BD7AF32A84AEDD0078F48A /* AppDelegate.swift in Sources */ = {isa = PBXBuildFile; fileRef = 45BD7AF22A84AEDD0078F48A /* AppDelegate.swift */; };
		45BD7AF52A84AEDD0078F48A /* SceneDelegate.swift in Sources */ = {isa = PBXBuildFile; fileRef = 45BD7AF42A84AEDD0078F48A /* SceneDelegate.swift */; };
		45BD7AF72A84AEDD0078F48A /* ViewController.swift in Sources */ = {isa = PBXBuildFile; fileRef = 45BD7AF62A84AEDD0078F48A /* ViewController.swift */; };
		45BD7AFA2A84AEDD0078F48A /* Main.storyboard in Resources */ = {isa = PBXBuildFile; fileRef = 45BD7AF82A84AEDD0078F48A /* Main.storyboard */; };
		45BD7AFC2A84AEDE0078F48A /* Assets.xcassets in Resources */ = {isa = PBXBuildFile; fileRef = 45BD7AFB2A84AEDE0078F48A /* Assets.xcassets */; };
		45BD7AFF2A84AEDE0078F48A /* LaunchScreen.storyboard in Resources */ = {isa = PBXBuildFile; fileRef = 45BD7AFD2A84AEDE0078F48A /* LaunchScreen.storyboard */; };
		45BD7B072A84AFD20078F48A /* .gitignore in Resources */ = {isa = PBXBuildFile; fileRef = 45BD7B062A84AFD20078F48A /* .gitignore */; };
/* End PBXBuildFile section */

/* Begin PBXFileReference section */
		459A25752A84BD0D005DB3BC /* env.swift */ = {isa = PBXFileReference; lastKnownFileType = sourcecode.swift; path = env.swift; sourceTree = "<group>"; };
		45BD7AEF2A84AEDD0078F48A /* sesac-day18-translator.app */ = {isa = PBXFileReference; explicitFileType = wrapper.application; includeInIndex = 0; path = "sesac-day18-translator.app"; sourceTree = BUILT_PRODUCTS_DIR; };
		45BD7AF22A84AEDD0078F48A /* AppDelegate.swift */ = {isa = PBXFileReference; lastKnownFileType = sourcecode.swift; path = AppDelegate.swift; sourceTree = "<group>"; };
		45BD7AF42A84AEDD0078F48A /* SceneDelegate.swift */ = {isa = PBXFileReference; lastKnownFileType = sourcecode.swift; path = SceneDelegate.swift; sourceTree = "<group>"; };
		45BD7AF62A84AEDD0078F48A /* ViewController.swift */ = {isa = PBXFileReference; lastKnownFileType = sourcecode.swift; path = ViewController.swift; sourceTree = "<group>"; };
		45BD7AF92A84AEDD0078F48A /* Base */ = {isa = PBXFileReference; lastKnownFileType = file.storyboard; name = Base; path = Base.lproj/Main.storyboard; sourceTree = "<group>"; };
		45BD7AFB2A84AEDE0078F48A /* Assets.xcassets */ = {isa = PBXFileReference; lastKnownFileType = folder.assetcatalog; path = Assets.xcassets; sourceTree = "<group>"; };
		45BD7AFE2A84AEDE0078F48A /* Base */ = {isa = PBXFileReference; lastKnownFileType = file.storyboard; name = Base; path = Base.lproj/LaunchScreen.storyboard; sourceTree = "<group>"; };
		45BD7B002A84AEDE0078F48A /* Info.plist */ = {isa = PBXFileReference; lastKnownFileType = text.plist.xml; path = Info.plist; sourceTree = "<group>"; };
		45BD7B062A84AFD20078F48A /* .gitignore */ = {isa = PBXFileReference; lastKnownFileType = text; path = .gitignore; sourceTree = "<group>"; };
/* End PBXFileReference section */

/* Begin PBXFrameworksBuildPhase section */
		45BD7AEC2A84AEDD0078F48A /* Frameworks */ = {
			isa = PBXFrameworksBuildPhase;
			buildActionMask = 2147483647;
			files = (
				459A257C2A84C0D0005DB3BC /* SwiftyJSON in Frameworks */,
				459A25792A84C0C6005DB3BC /* Alamofire in Frameworks */,
			);
			runOnlyForDeploymentPostprocessing = 0;
		};
/* End PBXFrameworksBuildPhase section */

/* Begin PBXGroup section */
		45BD7AE62A84AEDD0078F48A = {
			isa = PBXGroup;
			children = (
				45BD7B062A84AFD20078F48A /* .gitignore */,
				45BD7AF12A84AEDD0078F48A /* sesac-day18-translator */,
				45BD7AF02A84AEDD0078F48A /* Products */,
			);
			sourceTree = "<group>";
		};
		45BD7AF02A84AEDD0078F48A /* Products */ = {
			isa = PBXGroup;
			children = (
				45BD7AEF2A84AEDD0078F48A /* sesac-day18-translator.app */,
			);
			name = Products;
			sourceTree = "<group>";
		};
		45BD7AF12A84AEDD0078F48A /* sesac-day18-translator */ = {
			isa = PBXGroup;
			children = (
				45BD7AF22A84AEDD0078F48A /* AppDelegate.swift */,
				45BD7AF42A84AEDD0078F48A /* SceneDelegate.swift */,
				45BD7AF62A84AEDD0078F48A /* ViewController.swift */,
				45BD7AF82A84AEDD0078F48A /* Main.storyboard */,
				45BD7AFB2A84AEDE0078F48A /* Assets.xcassets */,
				45BD7AFD2A84AEDE0078F48A /* LaunchScreen.storyboard */,
				45BD7B002A84AEDE0078F48A /* Info.plist */,
				459A25752A84BD0D005DB3BC /* env.swift */,
			);
			path = "sesac-day18-translator";
			sourceTree = "<group>";
		};
/* End PBXGroup section */

/* Begin PBXNativeTarget section */
		45BD7AEE2A84AEDD0078F48A /* sesac-day18-translator */ = {
			isa = PBXNativeTarget;
			buildConfigurationList = 45BD7B032A84AEDE0078F48A /* Build configuration list for PBXNativeTarget "sesac-day18-translator" */;
			buildPhases = (
				45BD7AEB2A84AEDD0078F48A /* Sources */,
				45BD7AEC2A84AEDD0078F48A /* Frameworks */,
				45BD7AED2A84AEDD0078F48A /* Resources */,
			);
			buildRules = (
			);
			dependencies = (
			);
			name = "sesac-day18-translator";
			packageProductDependencies = (
				459A25782A84C0C6005DB3BC /* Alamofire */,
				459A257B2A84C0D0005DB3BC /* SwiftyJSON */,
			);
			productName = "sesac-day18-translator";
			productReference = 45BD7AEF2A84AEDD0078F48A /* sesac-day18-translator.app */;
			productType = "com.apple.product-type.application";
		};
/* End PBXNativeTarget section */

/* Begin PBXProject section */
		45BD7AE72A84AEDD0078F48A /* Project object */ = {
			isa = PBXProject;
			attributes = {
				BuildIndependentTargetsInParallel = 1;
				LastSwiftUpdateCheck = 1430;
				LastUpgradeCheck = 1430;
				TargetAttributes = {
					45BD7AEE2A84AEDD0078F48A = {
						CreatedOnToolsVersion = 14.3.1;
					};
				};
			};
			buildConfigurationList = 45BD7AEA2A84AEDD0078F48A /* Build configuration list for PBXProject "sesac-day18-translator" */;
			compatibilityVersion = "Xcode 14.0";
			developmentRegion = en;
			hasScannedForEncodings = 0;
			knownRegions = (
				en,
				Base,
			);
			mainGroup = 45BD7AE62A84AEDD0078F48A;
			packageReferences = (
				459A25772A84C0C6005DB3BC /* XCRemoteSwiftPackageReference "Alamofire" */,
				459A257A2A84C0D0005DB3BC /* XCRemoteSwiftPackageReference "SwiftyJSON" */,
			);
			productRefGroup = 45BD7AF02A84AEDD0078F48A /* Products */;
			projectDirPath = "";
			projectRoot = "";
			targets = (
				45BD7AEE2A84AEDD0078F48A /* sesac-day18-translator */,
			);
		};
/* End PBXProject section */

/* Begin PBXResourcesBuildPhase section */
		45BD7AED2A84AEDD0078F48A /* Resources */ = {
			isa = PBXResourcesBuildPhase;
			buildActionMask = 2147483647;
			files = (
				45BD7B072A84AFD20078F48A /* .gitignore in Resources */,
				45BD7AFF2A84AEDE0078F48A /* LaunchScreen.storyboard in Resources */,
				45BD7AFC2A84AEDE0078F48A /* Assets.xcassets in Resources */,
				45BD7AFA2A84AEDD0078F48A /* Main.storyboard in Resources */,
			);
			runOnlyForDeploymentPostprocessing = 0;
		};
/* End PBXResourcesBuildPhase section */

/* Begin PBXSourcesBuildPhase section */
		45BD7AEB2A84AEDD0078F48A /* Sources */ = {
			isa = PBXSourcesBuildPhase;
			buildActionMask = 2147483647;
			files = (
				45BD7AF72A84AEDD0078F48A /* ViewController.swift in Sources */,
				459A25762A84BD0D005DB3BC /* env.swift in Sources */,
				45BD7AF32A84AEDD0078F48A /* AppDelegate.swift in Sources */,
				45BD7AF52A84AEDD0078F48A /* SceneDelegate.swift in Sources */,
			);
			runOnlyForDeploymentPostprocessing = 0;
		};
/* End PBXSourcesBuildPhase section */

/* Begin PBXVariantGroup section */
		45BD7AF82A84AEDD0078F48A /* Main.storyboard */ = {
			isa = PBXVariantGroup;
			children = (
				45BD7AF92A84AEDD0078F48A /* Base */,
			);
			name = Main.storyboard;
			sourceTree = "<group>";
		};
		45BD7AFD2A84AEDE0078F48A /* LaunchScreen.storyboard */ = {
			isa = PBXVariantGroup;
			children = (
				45BD7AFE2A84AEDE0078F48A /* Base */,
			);
			name = LaunchScreen.storyboard;
			sourceTree = "<group>";
		};
/* End PBXVariantGroup section */

/* Begin XCBuildConfiguration section */
		45BD7B012A84AEDE0078F48A /* Debug */ = {
			isa = XCBuildConfiguration;
			buildSettings = {
				ALWAYS_SEARCH_USER_PATHS = NO;
				CLANG_ANALYZER_NONNULL = YES;
				CLANG_ANALYZER_NUMBER_OBJECT_CONVERSION = YES_AGGRESSIVE;
				CLANG_CXX_LANGUAGE_STANDARD = "gnu++20";
				CLANG_ENABLE_MODULES = YES;
				CLANG_ENABLE_OBJC_ARC = YES;
				CLANG_ENABLE_OBJC_WEAK = YES;
				CLANG_WARN_BLOCK_CAPTURE_AUTORELEASING = YES;
				CLANG_WARN_BOOL_CONVERSION = YES;
				CLANG_WARN_COMMA = YES;
				CLANG_WARN_CONSTANT_CONVERSION = YES;
				CLANG_WARN_DEPRECATED_OBJC_IMPLEMENTATIONS = YES;
				CLANG_WARN_DIRECT_OBJC_ISA_USAGE = YES_ERROR;
				CLANG_WARN_DOCUMENTATION_COMMENTS = YES;
				CLANG_WARN_EMPTY_BODY = YES;
				CLANG_WARN_ENUM_CONVERSION = YES;
				CLANG_WARN_INFINITE_RECURSION = YES;
				CLANG_WARN_INT_CONVERSION = YES;
				CLANG_WARN_NON_LITERAL_NULL_CONVERSION = YES;
				CLANG_WARN_OBJC_IMPLICIT_RETAIN_SELF = YES;
				CLANG_WARN_OBJC_LITERAL_CONVERSION = YES;
				CLANG_WARN_OBJC_ROOT_CLASS = YES_ERROR;
				CLANG_WARN_QUOTED_INCLUDE_IN_FRAMEWORK_HEADER = YES;
				CLANG_WARN_RANGE_LOOP_ANALYSIS = YES;
				CLANG_WARN_STRICT_PROTOTYPES = YES;
				CLANG_WARN_SUSPICIOUS_MOVE = YES;
				CLANG_WARN_UNGUARDED_AVAILABILITY = YES_AGGRESSIVE;
				CLANG_WARN_UNREACHABLE_CODE = YES;
				CLANG_WARN__DUPLICATE_METHOD_MATCH = YES;
				COPY_PHASE_STRIP = NO;
				DEBUG_INFORMATION_FORMAT = dwarf;
				ENABLE_STRICT_OBJC_MSGSEND = YES;
				ENABLE_TESTABILITY = YES;
				GCC_C_LANGUAGE_STANDARD = gnu11;
				GCC_DYNAMIC_NO_PIC = NO;
				GCC_NO_COMMON_BLOCKS = YES;
				GCC_OPTIMIZATION_LEVEL = 0;
				GCC_PREPROCESSOR_DEFINITIONS = (
					"DEBUG=1",
					"$(inherited)",
				);
				GCC_WARN_64_TO_32_BIT_CONVERSION = YES;
				GCC_WARN_ABOUT_RETURN_TYPE = YES_ERROR;
				GCC_WARN_UNDECLARED_SELECTOR = YES;
				GCC_WARN_UNINITIALIZED_AUTOS = YES_AGGRESSIVE;
				GCC_WARN_UNUSED_FUNCTION = YES;
				GCC_WARN_UNUSED_VARIABLE = YES;
				IPHONEOS_DEPLOYMENT_TARGET = 16.4;
				MTL_ENABLE_DEBUG_INFO = INCLUDE_SOURCE;
				MTL_FAST_MATH = YES;
				ONLY_ACTIVE_ARCH = YES;
				SDKROOT = iphoneos;
				SWIFT_ACTIVE_COMPILATION_CONDITIONS = DEBUG;
				SWIFT_OPTIMIZATION_LEVEL = "-Onone";
			};
			name = Debug;
		};
		45BD7B022A84AEDE0078F48A /* Release */ = {
			isa = XCBuildConfiguration;
			buildSettings = {
				ALWAYS_SEARCH_USER_PATHS = NO;
				CLANG_ANALYZER_NONNULL = YES;
				CLANG_ANALYZER_NUMBER_OBJECT_CONVERSION = YES_AGGRESSIVE;
				CLANG_CXX_LANGUAGE_STANDARD = "gnu++20";
				CLANG_ENABLE_MODULES = YES;
				CLANG_ENABLE_OBJC_ARC = YES;
				CLANG_ENABLE_OBJC_WEAK = YES;
				CLANG_WARN_BLOCK_CAPTURE_AUTORELEASING = YES;
				CLANG_WARN_BOOL_CONVERSION = YES;
				CLANG_WARN_COMMA = YES;
				CLANG_WARN_CONSTANT_CONVERSION = YES;
				CLANG_WARN_DEPRECATED_OBJC_IMPLEMENTATIONS = YES;
				CLANG_WARN_DIRECT_OBJC_ISA_USAGE = YES_ERROR;
				CLANG_WARN_DOCUMENTATION_COMMENTS = YES;
				CLANG_WARN_EMPTY_BODY = YES;
				CLANG_WARN_ENUM_CONVERSION = YES;
				CLANG_WARN_INFINITE_RECURSION = YES;
				CLANG_WARN_INT_CONVERSION = YES;
				CLANG_WARN_NON_LITERAL_NULL_CONVERSION = YES;
				CLANG_WARN_OBJC_IMPLICIT_RETAIN_SELF = YES;
				CLANG_WARN_OBJC_LITERAL_CONVERSION = YES;
				CLANG_WARN_OBJC_ROOT_CLASS = YES_ERROR;
				CLANG_WARN_QUOTED_INCLUDE_IN_FRAMEWORK_HEADER = YES;
				CLANG_WARN_RANGE_LOOP_ANALYSIS = YES;
				CLANG_WARN_STRICT_PROTOTYPES = YES;
				CLANG_WARN_SUSPICIOUS_MOVE = YES;
				CLANG_WARN_UNGUARDED_AVAILABILITY = YES_AGGRESSIVE;
				CLANG_WARN_UNREACHABLE_CODE = YES;
				CLANG_WARN__DUPLICATE_METHOD_MATCH = YES;
				COPY_PHASE_STRIP = NO;
				DEBUG_INFORMATION_FORMAT = "dwarf-with-dsym";
				ENABLE_NS_ASSERTIONS = NO;
				ENABLE_STRICT_OBJC_MSGSEND = YES;
				GCC_C_LANGUAGE_STANDARD = gnu11;
				GCC_NO_COMMON_BLOCKS = YES;
				GCC_WARN_64_TO_32_BIT_CONVERSION = YES;
				GCC_WARN_ABOUT_RETURN_TYPE = YES_ERROR;
				GCC_WARN_UNDECLARED_SELECTOR = YES;
				GCC_WARN_UNINITIALIZED_AUTOS = YES_AGGRESSIVE;
				GCC_WARN_UNUSED_FUNCTION = YES;
				GCC_WARN_UNUSED_VARIABLE = YES;
				IPHONEOS_DEPLOYMENT_TARGET = 16.4;
				MTL_ENABLE_DEBUG_INFO = NO;
				MTL_FAST_MATH = YES;
				SDKROOT = iphoneos;
				SWIFT_COMPILATION_MODE = wholemodule;
				SWIFT_OPTIMIZATION_LEVEL = "-O";
				VALIDATE_PRODUCT = YES;
			};
			name = Release;
		};
		45BD7B042A84AEDE0078F48A /* Debug */ = {
			isa = XCBuildConfiguration;
			buildSettings = {
				ASSETCATALOG_COMPILER_APPICON_NAME = AppIcon;
				ASSETCATALOG_COMPILER_GLOBAL_ACCENT_COLOR_NAME = AccentColor;
				CODE_SIGN_STYLE = Automatic;
				CURRENT_PROJECT_VERSION = 1;
				DEVELOPMENT_TEAM = 53XY5968G6;
				GENERATE_INFOPLIST_FILE = YES;
				INFOPLIST_FILE = "sesac-day18-translator/Info.plist";
				INFOPLIST_KEY_UIApplicationSupportsIndirectInputEvents = YES;
				INFOPLIST_KEY_UILaunchStoryboardName = LaunchScreen;
				INFOPLIST_KEY_UIMainStoryboardFile = Main;
				INFOPLIST_KEY_UISupportedInterfaceOrientations_iPad = "UIInterfaceOrientationPortrait UIInterfaceOrientationPortraitUpsideDown UIInterfaceOrientationLandscapeLeft UIInterfaceOrientationLandscapeRight";
				INFOPLIST_KEY_UISupportedInterfaceOrientations_iPhone = "UIInterfaceOrientationPortrait UIInterfaceOrientationLandscapeLeft UIInterfaceOrientationLandscapeRight";
				LD_RUNPATH_SEARCH_PATHS = (
					"$(inherited)",
					"@executable_path/Frameworks",
				);
				MARKETING_VERSION = 1.0;
				PRODUCT_BUNDLE_IDENTIFIER = "dev.gyeoul.sesac-day18-translator";
				PRODUCT_NAME = "$(TARGET_NAME)";
				SWIFT_EMIT_LOC_STRINGS = YES;
				SWIFT_VERSION = 5.0;
				TARGETED_DEVICE_FAMILY = "1,2";
			};
			name = Debug;
		};
		45BD7B052A84AEDE0078F48A /* Release */ = {
			isa = XCBuildConfiguration;
			buildSettings = {
				ASSETCATALOG_COMPILER_APPICON_NAME = AppIcon;
				ASSETCATALOG_COMPILER_GLOBAL_ACCENT_COLOR_NAME = AccentColor;
				CODE_SIGN_STYLE = Automatic;
				CURRENT_PROJECT_VERSION = 1;
				DEVELOPMENT_TEAM = 53XY5968G6;
				GENERATE_INFOPLIST_FILE = YES;
				INFOPLIST_FILE = "sesac-day18-translator/Info.plist";
				INFOPLIST_KEY_UIApplicationSupportsIndirectInputEvents = YES;
				INFOPLIST_KEY_UILaunchStoryboardName = LaunchScreen;
				INFOPLIST_KEY_UIMainStoryboardFile = Main;
				INFOPLIST_KEY_UISupportedInterfaceOrientations_iPad = "UIInterfaceOrientationPortrait UIInterfaceOrientationPortraitUpsideDown UIInterfaceOrientationLandscapeLeft UIInterfaceOrientationLandscapeRight";
				INFOPLIST_KEY_UISupportedInterfaceOrientations_iPhone = "UIInterfaceOrientationPortrait UIInterfaceOrientationLandscapeLeft UIInterfaceOrientationLandscapeRight";
				LD_RUNPATH_SEARCH_PATHS = (
					"$(inherited)",
					"@executable_path/Frameworks",
				);
				MARKETING_VERSION = 1.0;
				PRODUCT_BUNDLE_IDENTIFIER = "dev.gyeoul.sesac-day18-translator";
				PRODUCT_NAME = "$(TARGET_NAME)";
				SWIFT_EMIT_LOC_STRINGS = YES;
				SWIFT_VERSION = 5.0;
				TARGETED_DEVICE_FAMILY = "1,2";
			};
			name = Release;
		};
/* End XCBuildConfiguration section */

/* Begin XCConfigurationList section */
		45BD7AEA2A84AEDD0078F48A /* Build configuration list for PBXProject "sesac-day18-translator" */ = {
			isa = XCConfigurationList;
			buildConfigurations = (
				45BD7B012A84AEDE0078F48A /* Debug */,
				45BD7B022A84AEDE0078F48A /* Release */,
			);
			defaultConfigurationIsVisible = 0;
			defaultConfigurationName = Release;
		};
		45BD7B032A84AEDE0078F48A /* Build configuration list for PBXNativeTarget "sesac-day18-translator" */ = {
			isa = XCConfigurationList;
			buildConfigurations = (
				45BD7B042A84AEDE0078F48A /* Debug */,
				45BD7B052A84AEDE0078F48A /* Release */,
			);
			defaultConfigurationIsVisible = 0;
			defaultConfigurationName = Release;
		};
/* End XCConfigurationList section */

/* Begin XCRemoteSwiftPackageReference section */
		459A25772A84C0C6005DB3BC /* XCRemoteSwiftPackageReference "Alamofire" */ = {
			isa = XCRemoteSwiftPackageReference;
			repositoryURL = "https://github.com/Alamofire/Alamofire.git";
			requirement = {
				kind = upToNextMajorVersion;
				minimumVersion = 5.0.0;
			};
		};
		459A257A2A84C0D0005DB3BC /* XCRemoteSwiftPackageReference "SwiftyJSON" */ = {
			isa = XCRemoteSwiftPackageReference;
			repositoryURL = "https://github.com/SwiftyJSON/SwiftyJSON.git";
			requirement = {
				kind = upToNextMajorVersion;
				minimumVersion = 5.0.0;
			};
		};
/* End XCRemoteSwiftPackageReference section */

/* Begin XCSwiftPackageProductDependency section */
		459A25782A84C0C6005DB3BC /* Alamofire */ = {
			isa = XCSwiftPackageProductDependency;
			package = 459A25772A84C0C6005DB3BC /* XCRemoteSwiftPackageReference "Alamofire" */;
			productName = Alamofire;
		};
		459A257B2A84C0D0005DB3BC /* SwiftyJSON */ = {
			isa = XCSwiftPackageProductDependency;
			package = 459A257A2A84C0D0005DB3BC /* XCRemoteSwiftPackageReference "SwiftyJSON" */;
			productName = SwiftyJSON;
		};
/* End XCSwiftPackageProductDependency section */
	};
	rootObject = 45BD7AE72A84AEDD0078F48A /* Project object */;
}
